// !$*UTF8*$!
{
	archiveVersion = 1;
	classes = {
	};
	objectVersion = 48;
	objects = {

/* Begin PBXBuildFile section */
		CC7DD09D1EF7B589007CB762 /* AppDelegate.swift in Sources */ = {isa = PBXBuildFile; fileRef = CC7DD09C1EF7B589007CB762 /* AppDelegate.swift */; };
		CC7DD09F1EF7B589007CB762 /* ViewController.swift in Sources */ = {isa = PBXBuildFile; fileRef = CC7DD09E1EF7B589007CB762 /* ViewController.swift */; };
		CC7DD0A21EF7B589007CB762 /* Main.storyboard in Resources */ = {isa = PBXBuildFile; fileRef = CC7DD0A01EF7B589007CB762 /* Main.storyboard */; };
		CC7DD0A41EF7B589007CB762 /* Assets.xcassets in Resources */ = {isa = PBXBuildFile; fileRef = CC7DD0A31EF7B589007CB762 /* Assets.xcassets */; };
		CC7DD0A71EF7B589007CB762 /* LaunchScreen.storyboard in Resources */ = {isa = PBXBuildFile; fileRef = CC7DD0A51EF7B589007CB762 /* LaunchScreen.storyboard */; };
		CC7DD0B21EF7B58A007CB762 /* iOS_Kicks_Detection_DemoTests.swift in Sources */ = {isa = PBXBuildFile; fileRef = CC7DD0B11EF7B58A007CB762 /* iOS_Kicks_Detection_DemoTests.swift */; };
		CC7DD0BD1EF7B58A007CB762 /* iOS_Kicks_Detection_DemoUITests.swift in Sources */ = {isa = PBXBuildFile; fileRef = CC7DD0BC1EF7B58A007CB762 /* iOS_Kicks_Detection_DemoUITests.swift */; };
/* End PBXBuildFile section */

/* Begin PBXContainerItemProxy section */
		CC7DD0AE1EF7B58A007CB762 /* PBXContainerItemProxy */ = {
			isa = PBXContainerItemProxy;
			containerPortal = CC7DD0911EF7B589007CB762 /* Project object */;
			proxyType = 1;
			remoteGlobalIDString = CC7DD0981EF7B589007CB762;
			remoteInfo = "iOS-Kicks-Detection-Demo";
		};
		CC7DD0B91EF7B58A007CB762 /* PBXContainerItemProxy */ = {
			isa = PBXContainerItemProxy;
			containerPortal = CC7DD0911EF7B589007CB762 /* Project object */;
			proxyType = 1;
			remoteGlobalIDString = CC7DD0981EF7B589007CB762;
			remoteInfo = "iOS-Kicks-Detection-Demo";
		};
/* End PBXContainerItemProxy section */

/* Begin PBXFileReference section */
		CC7DD0991EF7B589007CB762 /* iOS-Kicks-Detection-Demo.app */ = {isa = PBXFileReference; explicitFileType = wrapper.application; includeInIndex = 0; path = "iOS-Kicks-Detection-Demo.app"; sourceTree = BUILT_PRODUCTS_DIR; };
		CC7DD09C1EF7B589007CB762 /* AppDelegate.swift */ = {isa = PBXFileReference; lastKnownFileType = sourcecode.swift; path = AppDelegate.swift; sourceTree = "<group>"; };
		CC7DD09E1EF7B589007CB762 /* ViewController.swift */ = {isa = PBXFileReference; lastKnownFileType = sourcecode.swift; path = ViewController.swift; sourceTree = "<group>"; };
		CC7DD0A11EF7B589007CB762 /* Base */ = {isa = PBXFileReference; lastKnownFileType = file.storyboard; name = Base; path = Base.lproj/Main.storyboard; sourceTree = "<group>"; };
		CC7DD0A31EF7B589007CB762 /* Assets.xcassets */ = {isa = PBXFileReference; lastKnownFileType = folder.assetcatalog; path = Assets.xcassets; sourceTree = "<group>"; };
		CC7DD0A61EF7B589007CB762 /* Base */ = {isa = PBXFileReference; lastKnownFileType = file.storyboard; name = Base; path = Base.lproj/LaunchScreen.storyboard; sourceTree = "<group>"; };
		CC7DD0A81EF7B589007CB762 /* Info.plist */ = {isa = PBXFileReference; lastKnownFileType = text.plist.xml; path = Info.plist; sourceTree = "<group>"; };
		CC7DD0AD1EF7B58A007CB762 /* iOS-Kicks-Detection-DemoTests.xctest */ = {isa = PBXFileReference; explicitFileType = wrapper.cfbundle; includeInIndex = 0; path = "iOS-Kicks-Detection-DemoTests.xctest"; sourceTree = BUILT_PRODUCTS_DIR; };
		CC7DD0B11EF7B58A007CB762 /* iOS_Kicks_Detection_DemoTests.swift */ = {isa = PBXFileReference; lastKnownFileType = sourcecode.swift; path = iOS_Kicks_Detection_DemoTests.swift; sourceTree = "<group>"; };
		CC7DD0B31EF7B58A007CB762 /* Info.plist */ = {isa = PBXFileReference; lastKnownFileType = text.plist.xml; path = Info.plist; sourceTree = "<group>"; };
		CC7DD0B81EF7B58A007CB762 /* iOS-Kicks-Detection-DemoUITests.xctest */ = {isa = PBXFileReference; explicitFileType = wrapper.cfbundle; includeInIndex = 0; path = "iOS-Kicks-Detection-DemoUITests.xctest"; sourceTree = BUILT_PRODUCTS_DIR; };
		CC7DD0BC1EF7B58A007CB762 /* iOS_Kicks_Detection_DemoUITests.swift */ = {isa = PBXFileReference; lastKnownFileType = sourcecode.swift; path = iOS_Kicks_Detection_DemoUITests.swift; sourceTree = "<group>"; };
		CC7DD0BE1EF7B58A007CB762 /* Info.plist */ = {isa = PBXFileReference; lastKnownFileType = text.plist.xml; path = Info.plist; sourceTree = "<group>"; };
/* End PBXFileReference section */

/* Begin PBXFrameworksBuildPhase section */
		CC7DD0961EF7B589007CB762 /* Frameworks */ = {
			isa = PBXFrameworksBuildPhase;
			buildActionMask = 2147483647;
			files = (
			);
			runOnlyForDeploymentPostprocessing = 0;
		};
		CC7DD0AA1EF7B58A007CB762 /* Frameworks */ = {
			isa = PBXFrameworksBuildPhase;
			buildActionMask = 2147483647;
			files = (
			);
			runOnlyForDeploymentPostprocessing = 0;
		};
		CC7DD0B51EF7B58A007CB762 /* Frameworks */ = {
			isa = PBXFrameworksBuildPhase;
			buildActionMask = 2147483647;
			files = (
			);
			runOnlyForDeploymentPostprocessing = 0;
		};
/* End PBXFrameworksBuildPhase section */

/* Begin PBXGroup section */
		CC7DD0901EF7B589007CB762 = {
			isa = PBXGroup;
			children = (
				CC7DD09B1EF7B589007CB762 /* iOS-Kicks-Detection-Demo */,
				CC7DD0B01EF7B58A007CB762 /* iOS-Kicks-Detection-DemoTests */,
				CC7DD0BB1EF7B58A007CB762 /* iOS-Kicks-Detection-DemoUITests */,
				CC7DD09A1EF7B589007CB762 /* Products */,
			);
			sourceTree = "<group>";
		};
		CC7DD09A1EF7B589007CB762 /* Products */ = {
			isa = PBXGroup;
			children = (
				CC7DD0991EF7B589007CB762 /* iOS-Kicks-Detection-Demo.app */,
				CC7DD0AD1EF7B58A007CB762 /* iOS-Kicks-Detection-DemoTests.xctest */,
				CC7DD0B81EF7B58A007CB762 /* iOS-Kicks-Detection-DemoUITests.xctest */,
			);
			name = Products;
			sourceTree = "<group>";
		};
		CC7DD09B1EF7B589007CB762 /* iOS-Kicks-Detection-Demo */ = {
			isa = PBXGroup;
			children = (
				CC7DD09C1EF7B589007CB762 /* AppDelegate.swift */,
				CC7DD09E1EF7B589007CB762 /* ViewController.swift */,
				CC7DD0A01EF7B589007CB762 /* Main.storyboard */,
				CC7DD0A31EF7B589007CB762 /* Assets.xcassets */,
				CC7DD0A51EF7B589007CB762 /* LaunchScreen.storyboard */,
				CC7DD0A81EF7B589007CB762 /* Info.plist */,
			);
			path = "iOS-Kicks-Detection-Demo";
			sourceTree = "<group>";
		};
		CC7DD0B01EF7B58A007CB762 /* iOS-Kicks-Detection-DemoTests */ = {
			isa = PBXGroup;
			children = (
				CC7DD0B11EF7B58A007CB762 /* iOS_Kicks_Detection_DemoTests.swift */,
				CC7DD0B31EF7B58A007CB762 /* Info.plist */,
			);
			path = "iOS-Kicks-Detection-DemoTests";
			sourceTree = "<group>";
		};
		CC7DD0BB1EF7B58A007CB762 /* iOS-Kicks-Detection-DemoUITests */ = {
			isa = PBXGroup;
			children = (
				CC7DD0BC1EF7B58A007CB762 /* iOS_Kicks_Detection_DemoUITests.swift */,
				CC7DD0BE1EF7B58A007CB762 /* Info.plist */,
			);
			path = "iOS-Kicks-Detection-DemoUITests";
			sourceTree = "<group>";
		};
/* End PBXGroup section */

/* Begin PBXNativeTarget section */
		CC7DD0981EF7B589007CB762 /* iOS-Kicks-Detection-Demo */ = {
			isa = PBXNativeTarget;
			buildConfigurationList = CC7DD0C11EF7B58A007CB762 /* Build configuration list for PBXNativeTarget "iOS-Kicks-Detection-Demo" */;
			buildPhases = (
				CC7DD0951EF7B589007CB762 /* Sources */,
				CC7DD0961EF7B589007CB762 /* Frameworks */,
				CC7DD0971EF7B589007CB762 /* Resources */,
			);
			buildRules = (
			);
			dependencies = (
			);
			name = "iOS-Kicks-Detection-Demo";
			productName = "iOS-Kicks-Detection-Demo";
			productReference = CC7DD0991EF7B589007CB762 /* iOS-Kicks-Detection-Demo.app */;
			productType = "com.apple.product-type.application";
		};
		CC7DD0AC1EF7B58A007CB762 /* iOS-Kicks-Detection-DemoTests */ = {
			isa = PBXNativeTarget;
			buildConfigurationList = CC7DD0C41EF7B58A007CB762 /* Build configuration list for PBXNativeTarget "iOS-Kicks-Detection-DemoTests" */;
			buildPhases = (
				CC7DD0A91EF7B58A007CB762 /* Sources */,
				CC7DD0AA1EF7B58A007CB762 /* Frameworks */,
				CC7DD0AB1EF7B58A007CB762 /* Resources */,
			);
			buildRules = (
			);
			dependencies = (
				CC7DD0AF1EF7B58A007CB762 /* PBXTargetDependency */,
			);
			name = "iOS-Kicks-Detection-DemoTests";
			productName = "iOS-Kicks-Detection-DemoTests";
			productReference = CC7DD0AD1EF7B58A007CB762 /* iOS-Kicks-Detection-DemoTests.xctest */;
			productType = "com.apple.product-type.bundle.unit-test";
		};
		CC7DD0B71EF7B58A007CB762 /* iOS-Kicks-Detection-DemoUITests */ = {
			isa = PBXNativeTarget;
			buildConfigurationList = CC7DD0C71EF7B58A007CB762 /* Build configuration list for PBXNativeTarget "iOS-Kicks-Detection-DemoUITests" */;
			buildPhases = (
				CC7DD0B41EF7B58A007CB762 /* Sources */,
				CC7DD0B51EF7B58A007CB762 /* Frameworks */,
				CC7DD0B61EF7B58A007CB762 /* Resources */,
			);
			buildRules = (
			);
			dependencies = (
				CC7DD0BA1EF7B58A007CB762 /* PBXTargetDependency */,
			);
			name = "iOS-Kicks-Detection-DemoUITests";
			productName = "iOS-Kicks-Detection-DemoUITests";
			productReference = CC7DD0B81EF7B58A007CB762 /* iOS-Kicks-Detection-DemoUITests.xctest */;
			productType = "com.apple.product-type.bundle.ui-testing";
		};
/* End PBXNativeTarget section */

/* Begin PBXProject section */
		CC7DD0911EF7B589007CB762 /* Project object */ = {
			isa = PBXProject;
			attributes = {
				LastSwiftUpdateCheck = 0900;
				LastUpgradeCheck = 0900;
				ORGANIZATIONNAME = WataruSuzuki;
				TargetAttributes = {
					CC7DD0981EF7B589007CB762 = {
						CreatedOnToolsVersion = 9.0;
					};
					CC7DD0AC1EF7B58A007CB762 = {
						CreatedOnToolsVersion = 9.0;
						TestTargetID = CC7DD0981EF7B589007CB762;
					};
					CC7DD0B71EF7B58A007CB762 = {
						CreatedOnToolsVersion = 9.0;
						TestTargetID = CC7DD0981EF7B589007CB762;
					};
				};
			};
			buildConfigurationList = CC7DD0941EF7B589007CB762 /* Build configuration list for PBXProject "iOS-Kicks-Detection-Demo" */;
			compatibilityVersion = "Xcode 8.0";
			developmentRegion = en;
			hasScannedForEncodings = 0;
			knownRegions = (
				en,
				Base,
			);
			mainGroup = CC7DD0901EF7B589007CB762;
			productRefGroup = CC7DD09A1EF7B589007CB762 /* Products */;
			projectDirPath = "";
			projectRoot = "";
			targets = (
				CC7DD0981EF7B589007CB762 /* iOS-Kicks-Detection-Demo */,
				CC7DD0AC1EF7B58A007CB762 /* iOS-Kicks-Detection-DemoTests */,
				CC7DD0B71EF7B58A007CB762 /* iOS-Kicks-Detection-DemoUITests */,
			);
		};
/* End PBXProject section */

/* Begin PBXResourcesBuildPhase section */
		CC7DD0971EF7B589007CB762 /* Resources */ = {
			isa = PBXResourcesBuildPhase;
			buildActionMask = 2147483647;
			files = (
				CC7DD0A71EF7B589007CB762 /* LaunchScreen.storyboard in Resources */,
				CC7DD0A41EF7B589007CB762 /* Assets.xcassets in Resources */,
				CC7DD0A21EF7B589007CB762 /* Main.storyboard in Resources */,
			);
			runOnlyForDeploymentPostprocessing = 0;
		};
		CC7DD0AB1EF7B58A007CB762 /* Resources */ = {
			isa = PBXResourcesBuildPhase;
			buildActionMask = 2147483647;
			files = (
			);
			runOnlyForDeploymentPostprocessing = 0;
		};
		CC7DD0B61EF7B58A007CB762 /* Resources */ = {
			isa = PBXResourcesBuildPhase;
			buildActionMask = 2147483647;
			files = (
			);
			runOnlyForDeploymentPostprocessing = 0;
		};
/* End PBXResourcesBuildPhase section */

/* Begin PBXSourcesBuildPhase section */
		CC7DD0951EF7B589007CB762 /* Sources */ = {
			isa = PBXSourcesBuildPhase;
			buildActionMask = 2147483647;
			files = (
				CC7DD09F1EF7B589007CB762 /* ViewController.swift in Sources */,
				CC7DD09D1EF7B589007CB762 /* AppDelegate.swift in Sources */,
			);
			runOnlyForDeploymentPostprocessing = 0;
		};
		CC7DD0A91EF7B58A007CB762 /* Sources */ = {
			isa = PBXSourcesBuildPhase;
			buildActionMask = 2147483647;
			files = (
				CC7DD0B21EF7B58A007CB762 /* iOS_Kicks_Detection_DemoTests.swift in Sources */,
			);
			runOnlyForDeploymentPostprocessing = 0;
		};
		CC7DD0B41EF7B58A007CB762 /* Sources */ = {
			isa = PBXSourcesBuildPhase;
			buildActionMask = 2147483647;
			files = (
				CC7DD0BD1EF7B58A007CB762 /* iOS_Kicks_Detection_DemoUITests.swift in Sources */,
			);
			runOnlyForDeploymentPostprocessing = 0;
		};
/* End PBXSourcesBuildPhase section */

/* Begin PBXTargetDependency section */
		CC7DD0AF1EF7B58A007CB762 /* PBXTargetDependency */ = {
			isa = PBXTargetDependency;
			target = CC7DD0981EF7B589007CB762 /* iOS-Kicks-Detection-Demo */;
			targetProxy = CC7DD0AE1EF7B58A007CB762 /* PBXContainerItemProxy */;
		};
		CC7DD0BA1EF7B58A007CB762 /* PBXTargetDependency */ = {
			isa = PBXTargetDependency;
			target = CC7DD0981EF7B589007CB762 /* iOS-Kicks-Detection-Demo */;
			targetProxy = CC7DD0B91EF7B58A007CB762 /* PBXContainerItemProxy */;
		};
/* End PBXTargetDependency section */

/* Begin PBXVariantGroup section */
		CC7DD0A01EF7B589007CB762 /* Main.storyboard */ = {
			isa = PBXVariantGroup;
			children = (
				CC7DD0A11EF7B589007CB762 /* Base */,
			);
			name = Main.storyboard;
			sourceTree = "<group>";
		};
		CC7DD0A51EF7B589007CB762 /* LaunchScreen.storyboard */ = {
			isa = PBXVariantGroup;
			children = (
				CC7DD0A61EF7B589007CB762 /* Base */,
			);
			name = LaunchScreen.storyboard;
			sourceTree = "<group>";
		};
/* End PBXVariantGroup section */

/* Begin XCBuildConfiguration section */
		CC7DD0BF1EF7B58A007CB762 /* Debug */ = {
			isa = XCBuildConfiguration;
			buildSettings = {
				ALWAYS_SEARCH_USER_PATHS = NO;
				CLANG_ANALYZER_NONNULL = YES;
				CLANG_ANALYZER_NUMBER_OBJECT_CONVERSION = YES_AGGRESSIVE;
				CLANG_CXX_LANGUAGE_STANDARD = "gnu++14";
				CLANG_CXX_LIBRARY = "libc++";
				CLANG_ENABLE_MODULES = YES;
				CLANG_ENABLE_OBJC_ARC = YES;
				CLANG_WARN_BLOCK_CAPTURE_AUTORELEASING = YES;
				CLANG_WARN_BOOL_CONVERSION = YES;
				CLANG_WARN_COMMA = YES;
				CLANG_WARN_CONSTANT_CONVERSION = YES;
				CLANG_WARN_DIRECT_OBJC_ISA_USAGE = YES_ERROR;
				CLANG_WARN_DOCUMENTATION_COMMENTS = YES;
				CLANG_WARN_EMPTY_BODY = YES;
				CLANG_WARN_ENUM_CONVERSION = YES;
				CLANG_WARN_INFINITE_RECURSION = YES;
				CLANG_WARN_INT_CONVERSION = YES;
				CLANG_WARN_OBJC_ROOT_CLASS = YES_ERROR;
				CLANG_WARN_RANGE_LOOP_ANALYSIS = YES;
				CLANG_WARN_STRICT_PROTOTYPES = YES;
				CLANG_WARN_SUSPICIOUS_MOVE = YES;
				CLANG_WARN_UNGUARDED_AVAILABILITY = YES_AGGRESSIVE;
				CLANG_WARN_UNREACHABLE_CODE = YES;
				CLANG_WARN__DUPLICATE_METHOD_MATCH = YES;
				CODE_SIGN_IDENTITY = "iPhone Developer";
				COPY_PHASE_STRIP = NO;
				DEBUG_INFORMATION_FORMAT = dwarf;
				ENABLE_STRICT_OBJC_MSGSEND = YES;
				ENABLE_TESTABILITY = YES;
				GCC_C_LANGUAGE_STANDARD = gnu11;
				GCC_DYNAMIC_NO_PIC = NO;
				GCC_NO_COMMON_BLOCKS = YES;
				GCC_OPTIMIZATION_LEVEL = 0;
				GCC_PREPROCESSOR_DEFINITIONS = (
					"DEBUG=1",
					"$(inherited)",
				);
				GCC_WARN_64_TO_32_BIT_CONVERSION = YES;
				GCC_WARN_ABOUT_RETURN_TYPE = YES_ERROR;
				GCC_WARN_UNDECLARED_SELECTOR = YES;
				GCC_WARN_UNINITIALIZED_AUTOS = YES_AGGRESSIVE;
				GCC_WARN_UNUSED_FUNCTION = YES;
				GCC_WARN_UNUSED_VARIABLE = YES;
				IPHONEOS_DEPLOYMENT_TARGET = 11.0;
				MTL_ENABLE_DEBUG_INFO = YES;
				ONLY_ACTIVE_ARCH = YES;
				SDKROOT = iphoneos;
				SWIFT_ACTIVE_COMPILATION_CONDITIONS = DEBUG;
				SWIFT_OPTIMIZATION_LEVEL = "-Onone";
			};
			name = Debug;
		};
		CC7DD0C01EF7B58A007CB762 /* Release */ = {
			isa = XCBuildConfiguration;
			buildSettings = {
				ALWAYS_SEARCH_USER_PATHS = NO;
				CLANG_ANALYZER_NONNULL = YES;
				CLANG_ANALYZER_NUMBER_OBJECT_CONVERSION = YES_AGGRESSIVE;
				CLANG_CXX_LANGUAGE_STANDARD = "gnu++14";
				CLANG_CXX_LIBRARY = "libc++";
				CLANG_ENABLE_MODULES = YES;
				CLANG_ENABLE_OBJC_ARC = YES;
				CLANG_WARN_BLOCK_CAPTURE_AUTORELEASING = YES;
				CLANG_WARN_BOOL_CONVERSION = YES;
				CLANG_WARN_COMMA = YES;
				CLANG_WARN_CONSTANT_CONVERSION = YES;
				CLANG_WARN_DIRECT_OBJC_ISA_USAGE = YES_ERROR;
				CLANG_WARN_DOCUMENTATION_COMMENTS = YES;
				CLANG_WARN_EMPTY_BODY = YES;
				CLANG_WARN_ENUM_CONVERSION = YES;
				CLANG_WARN_INFINITE_RECURSION = YES;
				CLANG_WARN_INT_CONVERSION = YES;
				CLANG_WARN_OBJC_ROOT_CLASS = YES_ERROR;
				CLANG_WARN_RANGE_LOOP_ANALYSIS = YES;
				CLANG_WARN_STRICT_PROTOTYPES = YES;
				CLANG_WARN_SUSPICIOUS_MOVE = YES;
				CLANG_WARN_UNGUARDED_AVAILABILITY = YES_AGGRESSIVE;
				CLANG_WARN_UNREACHABLE_CODE = YES;
				CLANG_WARN__DUPLICATE_METHOD_MATCH = YES;
				CODE_SIGN_IDENTITY = "iPhone Developer";
				COPY_PHASE_STRIP = NO;
				DEBUG_INFORMATION_FORMAT = "dwarf-with-dsym";
				ENABLE_NS_ASSERTIONS = NO;
				ENABLE_STRICT_OBJC_MSGSEND = YES;
				GCC_C_LANGUAGE_STANDARD = gnu11;
				GCC_NO_COMMON_BLOCKS = YES;
				GCC_WARN_64_TO_32_BIT_CONVERSION = YES;
				GCC_WARN_ABOUT_RETURN_TYPE = YES_ERROR;
				GCC_WARN_UNDECLARED_SELECTOR = YES;
				GCC_WARN_UNINITIALIZED_AUTOS = YES_AGGRESSIVE;
				GCC_WARN_UNUSED_FUNCTION = YES;
				GCC_WARN_UNUSED_VARIABLE = YES;
				IPHONEOS_DEPLOYMENT_TARGET = 11.0;
				MTL_ENABLE_DEBUG_INFO = NO;
				SDKROOT = iphoneos;
				SWIFT_OPTIMIZATION_LEVEL = "-Owholemodule";
				VALIDATE_PRODUCT = YES;
			};
			name = Release;
		};
		CC7DD0C21EF7B58A007CB762 /* Debug */ = {
			isa = XCBuildConfiguration;
			buildSettings = {
				ASSETCATALOG_COMPILER_APPICON_NAME = AppIcon;
				INFOPLIST_FILE = "iOS-Kicks-Detection-Demo/Info.plist";
				LD_RUNPATH_SEARCH_PATHS = "$(inherited) @executable_path/Frameworks";
				PRODUCT_BUNDLE_IDENTIFIER = "jp.co.JchanKchan.iOS-Kicks-Detection-Demo";
				PRODUCT_NAME = "$(TARGET_NAME)";
				SWIFT_VERSION = 4.0;
				TARGETED_DEVICE_FAMILY = "1,2";
			};
			name = Debug;
		};
		CC7DD0C31EF7B58A007CB762 /* Release */ = {
			isa = XCBuildConfiguration;
			buildSettings = {
				ASSETCATALOG_COMPILER_APPICON_NAME = AppIcon;
				INFOPLIST_FILE = "iOS-Kicks-Detection-Demo/Info.plist";
				LD_RUNPATH_SEARCH_PATHS = "$(inherited) @executable_path/Frameworks";
				PRODUCT_BUNDLE_IDENTIFIER = "jp.co.JchanKchan.iOS-Kicks-Detection-Demo";
				PRODUCT_NAME = "$(TARGET_NAME)";
				SWIFT_VERSION = 4.0;
				TARGETED_DEVICE_FAMILY = "1,2";
			};
			name = Release;
		};
		CC7DD0C51EF7B58A007CB762 /* Debug */ = {
			isa = XCBuildConfiguration;
			buildSettings = {
				ALWAYS_EMBED_SWIFT_STANDARD_LIBRARIES = YES;
				BUNDLE_LOADER = "$(TEST_HOST)";
				INFOPLIST_FILE = "iOS-Kicks-Detection-DemoTests/Info.plist";
				LD_RUNPATH_SEARCH_PATHS = "$(inherited) @executable_path/Frameworks @loader_path/Frameworks";
				PRODUCT_BUNDLE_IDENTIFIER = "jp.co.JchanKchan.iOS-Kicks-Detection-DemoTests";
				PRODUCT_NAME = "$(TARGET_NAME)";
				SWIFT_VERSION = 4.0;
				TARGETED_DEVICE_FAMILY = "1,2";
				TEST_HOST = "$(BUILT_PRODUCTS_DIR)/iOS-Kicks-Detection-Demo.app/iOS-Kicks-Detection-Demo";
			};
			name = Debug;
		};
		CC7DD0C61EF7B58A007CB762 /* Release */ = {
			isa = XCBuildConfiguration;
			buildSettings = {
				ALWAYS_EMBED_SWIFT_STANDARD_LIBRARIES = YES;
				BUNDLE_LOADER = "$(TEST_HOST)";
				INFOPLIST_FILE = "iOS-Kicks-Detection-DemoTests/Info.plist";
				LD_RUNPATH_SEARCH_PATHS = "$(inherited) @executable_path/Frameworks @loader_path/Frameworks";
				PRODUCT_BUNDLE_IDENTIFIER = "jp.co.JchanKchan.iOS-Kicks-Detection-DemoTests";
				PRODUCT_NAME = "$(TARGET_NAME)";
				SWIFT_VERSION = 4.0;
				TARGETED_DEVICE_FAMILY = "1,2";
				TEST_HOST = "$(BUILT_PRODUCTS_DIR)/iOS-Kicks-Detection-Demo.app/iOS-Kicks-Detection-Demo";
			};
			name = Release;
		};
		CC7DD0C81EF7B58A007CB762 /* Debug */ = {
			isa = XCBuildConfiguration;
			buildSettings = {
				ALWAYS_EMBED_SWIFT_STANDARD_LIBRARIES = YES;
				INFOPLIST_FILE = "iOS-Kicks-Detection-DemoUITests/Info.plist";
				LD_RUNPATH_SEARCH_PATHS = "$(inherited) @executable_path/Frameworks @loader_path/Frameworks";
				PRODUCT_BUNDLE_IDENTIFIER = "jp.co.JchanKchan.iOS-Kicks-Detection-DemoUITests";
				PRODUCT_NAME = "$(TARGET_NAME)";
				SWIFT_VERSION = 4.0;
				TARGETED_DEVICE_FAMILY = "1,2";
				TEST_TARGET_NAME = "iOS-Kicks-Detection-Demo";
			};
			name = Debug;
		};
		CC7DD0C91EF7B58A007CB762 /* Release */ = {
			isa = XCBuildConfiguration;
			buildSettings = {
				ALWAYS_EMBED_SWIFT_STANDARD_LIBRARIES = YES;
				INFOPLIST_FILE = "iOS-Kicks-Detection-DemoUITests/Info.plist";
				LD_RUNPATH_SEARCH_PATHS = "$(inherited) @executable_path/Frameworks @loader_path/Frameworks";
				PRODUCT_BUNDLE_IDENTIFIER = "jp.co.JchanKchan.iOS-Kicks-Detection-DemoUITests";
				PRODUCT_NAME = "$(TARGET_NAME)";
				SWIFT_VERSION = 4.0;
				TARGETED_DEVICE_FAMILY = "1,2";
				TEST_TARGET_NAME = "iOS-Kicks-Detection-Demo";
			};
			name = Release;
		};
/* End XCBuildConfiguration section */

/* Begin XCConfigurationList section */
		CC7DD0941EF7B589007CB762 /* Build configuration list for PBXProject "iOS-Kicks-Detection-Demo" */ = {
			isa = XCConfigurationList;
			buildConfigurations = (
				CC7DD0BF1EF7B58A007CB762 /* Debug */,
				CC7DD0C01EF7B58A007CB762 /* Release */,
			);
			defaultConfigurationIsVisible = 0;
			defaultConfigurationName = Release;
		};
		CC7DD0C11EF7B58A007CB762 /* Build configuration list for PBXNativeTarget "iOS-Kicks-Detection-Demo" */ = {
			isa = XCConfigurationList;
			buildConfigurations = (
				CC7DD0C21EF7B58A007CB762 /* Debug */,
				CC7DD0C31EF7B58A007CB762 /* Release */,
			);
			defaultConfigurationIsVisible = 0;
		};
		CC7DD0C41EF7B58A007CB762 /* Build configuration list for PBXNativeTarget "iOS-Kicks-Detection-DemoTests" */ = {
			isa = XCConfigurationList;
			buildConfigurations = (
				CC7DD0C51EF7B58A007CB762 /* Debug */,
				CC7DD0C61EF7B58A007CB762 /* Release */,
			);
			defaultConfigurationIsVisible = 0;
		};
		CC7DD0C71EF7B58A007CB762 /* Build configuration list for PBXNativeTarget "iOS-Kicks-Detection-DemoUITests" */ = {
			isa = XCConfigurationList;
			buildConfigurations = (
				CC7DD0C81EF7B58A007CB762 /* Debug */,
				CC7DD0C91EF7B58A007CB762 /* Release */,
			);
			defaultConfigurationIsVisible = 0;
		};
/* End XCConfigurationList section */
	};
	rootObject = CC7DD0911EF7B589007CB762 /* Project object */;
}
